
Microsoft Visual Studio Solution File, Format Version 12.00
Project("{FAE04EC0-301F-11D3-BF4B-00C04F79EFBC}") = "EShop.Domain", "EShop.Domain\EShop.Domain.csproj", "{B07C4D49-0835-46BC-A749-CF15AF93EE8D}"
EndProject
Project("{FAE04EC0-301F-11D3-BF4B-00C04F79EFBC}") = "EShop.Authentication.Abstractions", "EShop.Authentication.Abstractions\EShop.Authentication.Abstractions.csproj", "{9DFB657D-9928-4E73-83A6-15D383B6C6D6}"
EndProject
Project("{FAE04EC0-301F-11D3-BF4B-00C04F79EFBC}") = "EShop.Authentication.Web", "EShop.Authentication.Web\EShop.Authentication.Web.csproj", "{E58BE2DB-CD0F-4015-B6AE-AB4ADA54C69E}"
EndProject
Project("{2150E333-8FDC-42A3-9474-1A3956D46DE8}") = "Solution Items", "Solution Items", "{7A564950-6363-42A3-BB8E-127A60ADAF9A}"
	ProjectSection(SolutionItems) = preProject
		docker-compose.yml = docker-compose.yml
	EndProjectSection
EndProject
Project("{2150E333-8FDC-42A3-9474-1A3956D46DE8}") = "Domain", "Domain", "{3B1A916E-417C-4E6F-A9E4-3E2BACF248CF}"
EndProject
Project("{FAE04EC0-301F-11D3-BF4B-00C04F79EFBC}") = "EShop.Domain.Abstractions", "EShop.Domain.Abstractions\EShop.Domain.Abstractions.csproj", "{DCBF7867-485B-4591-88E2-E0B923F2284B}"
EndProject
Project("{2150E333-8FDC-42A3-9474-1A3956D46DE8}") = "Application", "Application", "{9D86D6F5-F2E2-4010-9314-775CE96E263F}"
EndProject
Project("{FAE04EC0-301F-11D3-BF4B-00C04F79EFBC}") = "EShop.Authentication.Services", "EShop.Authentication.Services\EShop.Authentication.Services.csproj", "{486AF40B-B72A-4A3F-BF08-1D0574701486}"
EndProject
Project("{2150E333-8FDC-42A3-9474-1A3956D46DE8}") = "Infrastructure", "Infrastructure", "{BEAB7EF0-5A5D-4250-918B-27B7D6FAA997}"
EndProject
Project("{FAE04EC0-301F-11D3-BF4B-00C04F79EFBC}") = "EShop.Authentication.Storage", "EShop.Authentication.Storage\EShop.Authentication.Storage.csproj", "{9D4A442A-7A10-4CE4-AC48-36DC9C32953D}"
EndProject
Project("{FAE04EC0-301F-11D3-BF4B-00C04F79EFBC}") = "EShop.Application.Storage", "EShop.Application.Storage\EShop.Application.Storage.csproj", "{A8DBBFE9-A3F2-4AF2-A883-553BB629FBC3}"
EndProject
Project("{FAE04EC0-301F-11D3-BF4B-00C04F79EFBC}") = "EShop.Application.Abstractions", "EShop.Application.Abstractions\EShop.Application.Abstractions.csproj", "{25802C08-44F5-491C-B2C3-3662672E168A}"
EndProject
Project("{FAE04EC0-301F-11D3-BF4B-00C04F79EFBC}") = "EShop.Application.Services", "EShop.Application.Services\EShop.Application.Services.csproj", "{6FCD79EC-9DDE-43C5-B414-CAFCCD9FBFD2}"
EndProject
Project("{FAE04EC0-301F-11D3-BF4B-00C04F79EFBC}") = "EShop.IntegrationEvents", "EShop.IntegrationEvents\EShop.IntegrationEvents.csproj", "{5654BD48-D34F-47FE-B7AB-372546BC8E1D}"
EndProject
Project("{FAE04EC0-301F-11D3-BF4B-00C04F79EFBC}") = "EShop.Start", "EShop.Start\EShop.Start.csproj", "{98557A69-99AB-493D-8CE0-7C4F3925CF17}"
EndProject
Project("{2150E333-8FDC-42A3-9474-1A3956D46DE8}") = "Application", "Application", "{4F7AA5CD-9562-48BE-B668-8C1FEDBE6EE2}"
EndProject
Project("{2150E333-8FDC-42A3-9474-1A3956D46DE8}") = "Authentication", "Authentication", "{3FA5F9D1-E437-4B68-AEE0-5ED3EC22CF2C}"
EndProject
Project("{2150E333-8FDC-42A3-9474-1A3956D46DE8}") = "Application", "Application", "{02E29923-C3D7-46DA-AF76-18CD5E95878B}"
EndProject
Project("{2150E333-8FDC-42A3-9474-1A3956D46DE8}") = "Infrastructure", "Infrastructure", "{9AC8C8C0-5DAE-4D88-9597-8AE7E8E463C9}"
EndProject
Project("{FAE04EC0-301F-11D3-BF4B-00C04F79EFBC}") = "EShop.Application.Web", "EShop.Application.Web\EShop.Application.Web.csproj", "{4DAC8B40-F066-441A-A810-37FAC8ED6BDE}"
EndProject
Global
	GlobalSection(SolutionConfigurationPlatforms) = preSolution
		Debug|Any CPU = Debug|Any CPU
		Release|Any CPU = Release|Any CPU
	EndGlobalSection
	GlobalSection(ProjectConfigurationPlatforms) = postSolution
		{B07C4D49-0835-46BC-A749-CF15AF93EE8D}.Debug|Any CPU.ActiveCfg = Debug|Any CPU
		{B07C4D49-0835-46BC-A749-CF15AF93EE8D}.Debug|Any CPU.Build.0 = Debug|Any CPU
		{B07C4D49-0835-46BC-A749-CF15AF93EE8D}.Release|Any CPU.ActiveCfg = Release|Any CPU
		{B07C4D49-0835-46BC-A749-CF15AF93EE8D}.Release|Any CPU.Build.0 = Release|Any CPU
		{9DFB657D-9928-4E73-83A6-15D383B6C6D6}.Debug|Any CPU.ActiveCfg = Debug|Any CPU
		{9DFB657D-9928-4E73-83A6-15D383B6C6D6}.Debug|Any CPU.Build.0 = Debug|Any CPU
		{9DFB657D-9928-4E73-83A6-15D383B6C6D6}.Release|Any CPU.ActiveCfg = Release|Any CPU
		{9DFB657D-9928-4E73-83A6-15D383B6C6D6}.Release|Any CPU.Build.0 = Release|Any CPU
		{E58BE2DB-CD0F-4015-B6AE-AB4ADA54C69E}.Debug|Any CPU.ActiveCfg = Debug|Any CPU
		{E58BE2DB-CD0F-4015-B6AE-AB4ADA54C69E}.Debug|Any CPU.Build.0 = Debug|Any CPU
		{E58BE2DB-CD0F-4015-B6AE-AB4ADA54C69E}.Release|Any CPU.ActiveCfg = Release|Any CPU
		{E58BE2DB-CD0F-4015-B6AE-AB4ADA54C69E}.Release|Any CPU.Build.0 = Release|Any CPU
		{DCBF7867-485B-4591-88E2-E0B923F2284B}.Debug|Any CPU.ActiveCfg = Debug|Any CPU
		{DCBF7867-485B-4591-88E2-E0B923F2284B}.Debug|Any CPU.Build.0 = Debug|Any CPU
		{DCBF7867-485B-4591-88E2-E0B923F2284B}.Release|Any CPU.ActiveCfg = Release|Any CPU
		{DCBF7867-485B-4591-88E2-E0B923F2284B}.Release|Any CPU.Build.0 = Release|Any CPU
		{486AF40B-B72A-4A3F-BF08-1D0574701486}.Debug|Any CPU.ActiveCfg = Debug|Any CPU
		{486AF40B-B72A-4A3F-BF08-1D0574701486}.Debug|Any CPU.Build.0 = Debug|Any CPU
		{486AF40B-B72A-4A3F-BF08-1D0574701486}.Release|Any CPU.ActiveCfg = Release|Any CPU
		{486AF40B-B72A-4A3F-BF08-1D0574701486}.Release|Any CPU.Build.0 = Release|Any CPU
		{9D4A442A-7A10-4CE4-AC48-36DC9C32953D}.Debug|Any CPU.ActiveCfg = Debug|Any CPU
		{9D4A442A-7A10-4CE4-AC48-36DC9C32953D}.Debug|Any CPU.Build.0 = Debug|Any CPU
		{9D4A442A-7A10-4CE4-AC48-36DC9C32953D}.Release|Any CPU.ActiveCfg = Release|Any CPU
		{9D4A442A-7A10-4CE4-AC48-36DC9C32953D}.Release|Any CPU.Build.0 = Release|Any CPU
		{A8DBBFE9-A3F2-4AF2-A883-553BB629FBC3}.Debug|Any CPU.ActiveCfg = Debug|Any CPU
		{A8DBBFE9-A3F2-4AF2-A883-553BB629FBC3}.Debug|Any CPU.Build.0 = Debug|Any CPU
		{A8DBBFE9-A3F2-4AF2-A883-553BB629FBC3}.Release|Any CPU.ActiveCfg = Release|Any CPU
		{A8DBBFE9-A3F2-4AF2-A883-553BB629FBC3}.Release|Any CPU.Build.0 = Release|Any CPU
		{25802C08-44F5-491C-B2C3-3662672E168A}.Debug|Any CPU.ActiveCfg = Debug|Any CPU
		{25802C08-44F5-491C-B2C3-3662672E168A}.Debug|Any CPU.Build.0 = Debug|Any CPU
		{25802C08-44F5-491C-B2C3-3662672E168A}.Release|Any CPU.ActiveCfg = Release|Any CPU
		{25802C08-44F5-491C-B2C3-3662672E168A}.Release|Any CPU.Build.0 = Release|Any CPU
		{6FCD79EC-9DDE-43C5-B414-CAFCCD9FBFD2}.Debug|Any CPU.ActiveCfg = Debug|Any CPU
		{6FCD79EC-9DDE-43C5-B414-CAFCCD9FBFD2}.Debug|Any CPU.Build.0 = Debug|Any CPU
		{6FCD79EC-9DDE-43C5-B414-CAFCCD9FBFD2}.Release|Any CPU.ActiveCfg = Release|Any CPU
		{6FCD79EC-9DDE-43C5-B414-CAFCCD9FBFD2}.Release|Any CPU.Build.0 = Release|Any CPU
		{5654BD48-D34F-47FE-B7AB-372546BC8E1D}.Debug|Any CPU.ActiveCfg = Debug|Any CPU
		{5654BD48-D34F-47FE-B7AB-372546BC8E1D}.Debug|Any CPU.Build.0 = Debug|Any CPU
		{5654BD48-D34F-47FE-B7AB-372546BC8E1D}.Release|Any CPU.ActiveCfg = Release|Any CPU
		{5654BD48-D34F-47FE-B7AB-372546BC8E1D}.Release|Any CPU.Build.0 = Release|Any CPU
		{98557A69-99AB-493D-8CE0-7C4F3925CF17}.Debug|Any CPU.ActiveCfg = Debug|Any CPU
		{98557A69-99AB-493D-8CE0-7C4F3925CF17}.Debug|Any CPU.Build.0 = Debug|Any CPU
		{98557A69-99AB-493D-8CE0-7C4F3925CF17}.Release|Any CPU.ActiveCfg = Release|Any CPU
		{98557A69-99AB-493D-8CE0-7C4F3925CF17}.Release|Any CPU.Build.0 = Release|Any CPU
		{4DAC8B40-F066-441A-A810-37FAC8ED6BDE}.Debug|Any CPU.ActiveCfg = Debug|Any CPU
		{4DAC8B40-F066-441A-A810-37FAC8ED6BDE}.Debug|Any CPU.Build.0 = Debug|Any CPU
		{4DAC8B40-F066-441A-A810-37FAC8ED6BDE}.Release|Any CPU.ActiveCfg = Release|Any CPU
		{4DAC8B40-F066-441A-A810-37FAC8ED6BDE}.Release|Any CPU.Build.0 = Release|Any CPU
	EndGlobalSection
	GlobalSection(NestedProjects) = preSolution
		{B07C4D49-0835-46BC-A749-CF15AF93EE8D} = {3B1A916E-417C-4E6F-A9E4-3E2BACF248CF}
		{DCBF7867-485B-4591-88E2-E0B923F2284B} = {3B1A916E-417C-4E6F-A9E4-3E2BACF248CF}
		{E58BE2DB-CD0F-4015-B6AE-AB4ADA54C69E} = {BEAB7EF0-5A5D-4250-918B-27B7D6FAA997}
		{9D4A442A-7A10-4CE4-AC48-36DC9C32953D} = {BEAB7EF0-5A5D-4250-918B-27B7D6FAA997}
		{02E29923-C3D7-46DA-AF76-18CD5E95878B} = {4F7AA5CD-9562-48BE-B668-8C1FEDBE6EE2}
		{9AC8C8C0-5DAE-4D88-9597-8AE7E8E463C9} = {4F7AA5CD-9562-48BE-B668-8C1FEDBE6EE2}
		{3B1A916E-417C-4E6F-A9E4-3E2BACF248CF} = {4F7AA5CD-9562-48BE-B668-8C1FEDBE6EE2}
		{BEAB7EF0-5A5D-4250-918B-27B7D6FAA997} = {3FA5F9D1-E437-4B68-AEE0-5ED3EC22CF2C}
		{9D86D6F5-F2E2-4010-9314-775CE96E263F} = {3FA5F9D1-E437-4B68-AEE0-5ED3EC22CF2C}
		{A8DBBFE9-A3F2-4AF2-A883-553BB629FBC3} = {9AC8C8C0-5DAE-4D88-9597-8AE7E8E463C9}
		{25802C08-44F5-491C-B2C3-3662672E168A} = {02E29923-C3D7-46DA-AF76-18CD5E95878B}
		{6FCD79EC-9DDE-43C5-B414-CAFCCD9FBFD2} = {02E29923-C3D7-46DA-AF76-18CD5E95878B}
		{9DFB657D-9928-4E73-83A6-15D383B6C6D6} = {9D86D6F5-F2E2-4010-9314-775CE96E263F}
		{486AF40B-B72A-4A3F-BF08-1D0574701486} = {9D86D6F5-F2E2-4010-9314-775CE96E263F}
		{4DAC8B40-F066-441A-A810-37FAC8ED6BDE} = {9AC8C8C0-5DAE-4D88-9597-8AE7E8E463C9}
	EndGlobalSection
EndGlobal
